# This file was autogenerated by Stack.
# You should not edit this file by hand.
# For more information, please see the documentation at:
#   https://docs.haskellstack.org/en/stable/lock_files

packages:
- completed:
    cabal-file:
      size: 5890
      sha256: c246de3f46c7d6eec6ed0b267f9c8a4afc729ecb76578946e810d9fd1ef94efb
    name: twilio
    version: 0.3.0.0
    git: https://github.com/dnsco/twilio-haskell
    pantry-tree:
      size: 4958
      sha256: 56359fd90f362855964557f686b76ce5bb9fca6a6da830143f916bd02fa2e1e7
    commit: 31b3198c80c3708985e54baf4ac99c3077ed3b64
  original:
    git: https://github.com/dnsco/twilio-haskell
    commit: 31b3198c80c3708985e54baf4ac99c3077ed3b64
snapshots:
- completed:
    size: 523700
    url: https://raw.githubusercontent.com/commercialhaskell/stackage-snapshots/master/lts/14/7.yaml
    sha256: 8e3f3c894be74d71fa4bf085e0a8baae7e4d7622d07ea31a52736b80f8b9bb1a
  original: lts-14.7
