# This file was autogenerated by Stack.
# You should not edit this file by hand.
# For more information, please see the documentation at:
#   https://docs.haskellstack.org/en/stable/lock_files

packages:
- completed:
    subdir: lib
    cabal-file:
      size: 3129
      sha256: 2877914d777f98e4249d458f0bde502ff191e1cde0ed6c182105348578535b66
    name: servant-ts
    version: 0.1.0.0
    git: https://github.com/smaccoun/servant-ts
    pantry-tree:
      size: 1119
      sha256: 6e2c6353e3582a934aa36a1aa8b0eeb9bd8221377bad5bacaa34be48111072ff
    commit: e615995e1e83e49e155aa996f93627a78084f4e9
  original:
    subdir: lib
    git: https://github.com/smaccoun/servant-ts
    commit: e615995e1e83e49e155aa996f93627a78084f4e9
- completed:
    cabal-file:
      size: 3184
      sha256: d32a2e1724082a22b38c3a0367e4b3e9ca61587ac74830bd2fc8b3050c598515
    name: aeson-generic-ts
    version: 0.1.0.0
    git: https://github.com/smaccoun/aeson-generic-ts
    pantry-tree:
      size: 1827
      sha256: 4bc0406013d91b01a18adbaddeae4f3373c7ec862dab1a4a25d353d9a0d6255f
    commit: 080ec883e77aad45cc01cc211bdb9998bd47e66e
  original:
    git: https://github.com/smaccoun/aeson-generic-ts
    commit: 080ec883e77aad45cc01cc211bdb9998bd47e66e
snapshots:
- completed:
    size: 523700
    url: https://raw.githubusercontent.com/commercialhaskell/stackage-snapshots/master/lts/14/7.yaml
    sha256: 8e3f3c894be74d71fa4bf085e0a8baae7e4d7622d07ea31a52736b80f8b9bb1a
  original: lts-14.7
